// !$*UTF8*$!
{
	archiveVersion = 1;
	classes = {
	};
	objectVersion = 56;
	objects = {

/* Begin PBXBuildFile section */
		511C3C5D29A1313A0064D750 /* AppDelegate.swift in Sources */ = {isa = PBXBuildFile; fileRef = 511C3C5C29A1313A0064D750 /* AppDelegate.swift */; };
		511C3C5F29A1313A0064D750 /* SceneDelegate.swift in Sources */ = {isa = PBXBuildFile; fileRef = 511C3C5E29A1313A0064D750 /* SceneDelegate.swift */; };
		511C3C6129A1313A0064D750 /* HomeViewController.swift in Sources */ = {isa = PBXBuildFile; fileRef = 511C3C6029A1313A0064D750 /* HomeViewController.swift */; };
		511C3C6429A1313A0064D750 /* Main.storyboard in Resources */ = {isa = PBXBuildFile; fileRef = 511C3C6229A1313A0064D750 /* Main.storyboard */; };
		511C3C6729A1313A0064D750 /* WeatherApp.xcdatamodeld in Sources */ = {isa = PBXBuildFile; fileRef = 511C3C6529A1313A0064D750 /* WeatherApp.xcdatamodeld */; };
		511C3C6929A1313B0064D750 /* Assets.xcassets in Resources */ = {isa = PBXBuildFile; fileRef = 511C3C6829A1313B0064D750 /* Assets.xcassets */; };
		511C3C6C29A1313B0064D750 /* LaunchScreen.storyboard in Resources */ = {isa = PBXBuildFile; fileRef = 511C3C6A29A1313B0064D750 /* LaunchScreen.storyboard */; };
		511C3C7729A1313C0064D750 /* WeatherAppTests.swift in Sources */ = {isa = PBXBuildFile; fileRef = 511C3C7629A1313C0064D750 /* WeatherAppTests.swift */; };
		511C3C8129A1313C0064D750 /* WeatherAppUITests.swift in Sources */ = {isa = PBXBuildFile; fileRef = 511C3C8029A1313C0064D750 /* WeatherAppUITests.swift */; };
		511C3C8329A1313C0064D750 /* WeatherAppUITestsLaunchTests.swift in Sources */ = {isa = PBXBuildFile; fileRef = 511C3C8229A1313C0064D750 /* WeatherAppUITestsLaunchTests.swift */; };
		511C3C9429A135310064D750 /* UIView+Anchor.swift in Sources */ = {isa = PBXBuildFile; fileRef = 511C3C9329A135310064D750 /* UIView+Anchor.swift */; };
		511C3C9729A13B6D0064D750 /* HomeViewModel.swift in Sources */ = {isa = PBXBuildFile; fileRef = 511C3C9629A13B6D0064D750 /* HomeViewModel.swift */; };
		511C3C9929A13B730064D750 /* HomeNavigation.swift in Sources */ = {isa = PBXBuildFile; fileRef = 511C3C9829A13B730064D750 /* HomeNavigation.swift */; };
		511C3C9E29A13BEE0064D750 /* NetworkingClient.swift in Sources */ = {isa = PBXBuildFile; fileRef = 511C3C9D29A13BEE0064D750 /* NetworkingClient.swift */; };
		511C3CA129A13E980064D750 /* Alamofire in Frameworks */ = {isa = PBXBuildFile; productRef = 511C3CA029A13E980064D750 /* Alamofire */; };
		511C3CA629A13EF90064D750 /* AutocompleteEndpoint.swift in Sources */ = {isa = PBXBuildFile; fileRef = 511C3CA529A13EF90064D750 /* AutocompleteEndpoint.swift */; };
		511C3CA829A13FDB0064D750 /* AutocompleteResponse.swift in Sources */ = {isa = PBXBuildFile; fileRef = 511C3CA729A13FDB0064D750 /* AutocompleteResponse.swift */; };
		5199499829A277BF005D4012 /* DetailViewController.swift in Sources */ = {isa = PBXBuildFile; fileRef = 5199499729A277BF005D4012 /* DetailViewController.swift */; };
		5199499A29A2782A005D4012 /* DetailViewModel.swift in Sources */ = {isa = PBXBuildFile; fileRef = 5199499929A2782A005D4012 /* DetailViewModel.swift */; };
		5199499C29A27B36005D4012 /* WeatherDataResponse.swift in Sources */ = {isa = PBXBuildFile; fileRef = 5199499B29A27B36005D4012 /* WeatherDataResponse.swift */; };
		5199499E29A27B77005D4012 /* GeocodingEndpoint.swift in Sources */ = {isa = PBXBuildFile; fileRef = 5199499D29A27B77005D4012 /* GeocodingEndpoint.swift */; };
		519949A829A27C01005D4012 /* WeatherDataEndpoint.swift in Sources */ = {isa = PBXBuildFile; fileRef = 519949A729A27C01005D4012 /* WeatherDataEndpoint.swift */; };
		519949AA29A27D6A005D4012 /* GeocodingResponse.swift in Sources */ = {isa = PBXBuildFile; fileRef = 519949A929A27D6A005D4012 /* GeocodingResponse.swift */; };
		519949AD29A291E6005D4012 /* WeatherType.swift in Sources */ = {isa = PBXBuildFile; fileRef = 519949AC29A291E6005D4012 /* WeatherType.swift */; };
		519949AF29A29AF7005D4012 /* Temperature.swift in Sources */ = {isa = PBXBuildFile; fileRef = 519949AE29A29AF7005D4012 /* Temperature.swift */; };
		519949B129A29B76005D4012 /* CAGradientLayer+WeatherType.swift in Sources */ = {isa = PBXBuildFile; fileRef = 519949B029A29B76005D4012 /* CAGradientLayer+WeatherType.swift */; };
		519949B429A29E78005D4012 /* SunScheduleView.swift in Sources */ = {isa = PBXBuildFile; fileRef = 519949B329A29E78005D4012 /* SunScheduleView.swift */; };
		519949B629A2A3AB005D4012 /* UIView+Debug.swift in Sources */ = {isa = PBXBuildFile; fileRef = 519949B529A2A3AB005D4012 /* UIView+Debug.swift */; };
		519949B829A2A6E0005D4012 /* SunSchedule.swift in Sources */ = {isa = PBXBuildFile; fileRef = 519949B729A2A6E0005D4012 /* SunSchedule.swift */; };
		519949BA29A2A84A005D4012 /* UIEdgeInsets+Standard.swift in Sources */ = {isa = PBXBuildFile; fileRef = 519949B929A2A84A005D4012 /* UIEdgeInsets+Standard.swift */; };
		519949BC29A2AB54005D4012 /* UIView+Blur.swift in Sources */ = {isa = PBXBuildFile; fileRef = 519949BB29A2AB54005D4012 /* UIView+Blur.swift */; };
/* End PBXBuildFile section */

/* Begin PBXContainerItemProxy section */
		511C3C7329A1313C0064D750 /* PBXContainerItemProxy */ = {
			isa = PBXContainerItemProxy;
			containerPortal = 511C3C5129A1313A0064D750 /* Project object */;
			proxyType = 1;
			remoteGlobalIDString = 511C3C5829A1313A0064D750;
			remoteInfo = WeatherApp;
		};
		511C3C7D29A1313C0064D750 /* PBXContainerItemProxy */ = {
			isa = PBXContainerItemProxy;
			containerPortal = 511C3C5129A1313A0064D750 /* Project object */;
			proxyType = 1;
			remoteGlobalIDString = 511C3C5829A1313A0064D750;
			remoteInfo = WeatherApp;
		};
/* End PBXContainerItemProxy section */

/* Begin PBXFileReference section */
		511C3C5929A1313A0064D750 /* WeatherApp.app */ = {isa = PBXFileReference; explicitFileType = wrapper.application; includeInIndex = 0; path = WeatherApp.app; sourceTree = BUILT_PRODUCTS_DIR; };
		511C3C5C29A1313A0064D750 /* AppDelegate.swift */ = {isa = PBXFileReference; lastKnownFileType = sourcecode.swift; path = AppDelegate.swift; sourceTree = "<group>"; };
		511C3C5E29A1313A0064D750 /* SceneDelegate.swift */ = {isa = PBXFileReference; lastKnownFileType = sourcecode.swift; path = SceneDelegate.swift; sourceTree = "<group>"; };
		511C3C6029A1313A0064D750 /* HomeViewController.swift */ = {isa = PBXFileReference; lastKnownFileType = sourcecode.swift; path = HomeViewController.swift; sourceTree = "<group>"; };
		511C3C6329A1313A0064D750 /* Base */ = {isa = PBXFileReference; lastKnownFileType = file.storyboard; name = Base; path = Base.lproj/Main.storyboard; sourceTree = "<group>"; };
		511C3C6629A1313A0064D750 /* WeatherApp.xcdatamodel */ = {isa = PBXFileReference; lastKnownFileType = wrapper.xcdatamodel; path = WeatherApp.xcdatamodel; sourceTree = "<group>"; };
		511C3C6829A1313B0064D750 /* Assets.xcassets */ = {isa = PBXFileReference; lastKnownFileType = folder.assetcatalog; path = Assets.xcassets; sourceTree = "<group>"; };
		511C3C6B29A1313B0064D750 /* Base */ = {isa = PBXFileReference; lastKnownFileType = file.storyboard; name = Base; path = Base.lproj/LaunchScreen.storyboard; sourceTree = "<group>"; };
		511C3C6D29A1313B0064D750 /* Info.plist */ = {isa = PBXFileReference; lastKnownFileType = text.plist.xml; path = Info.plist; sourceTree = "<group>"; };
		511C3C7229A1313C0064D750 /* WeatherAppTests.xctest */ = {isa = PBXFileReference; explicitFileType = wrapper.cfbundle; includeInIndex = 0; path = WeatherAppTests.xctest; sourceTree = BUILT_PRODUCTS_DIR; };
		511C3C7629A1313C0064D750 /* WeatherAppTests.swift */ = {isa = PBXFileReference; lastKnownFileType = sourcecode.swift; path = WeatherAppTests.swift; sourceTree = "<group>"; };
		511C3C7C29A1313C0064D750 /* WeatherAppUITests.xctest */ = {isa = PBXFileReference; explicitFileType = wrapper.cfbundle; includeInIndex = 0; path = WeatherAppUITests.xctest; sourceTree = BUILT_PRODUCTS_DIR; };
		511C3C8029A1313C0064D750 /* WeatherAppUITests.swift */ = {isa = PBXFileReference; lastKnownFileType = sourcecode.swift; path = WeatherAppUITests.swift; sourceTree = "<group>"; };
		511C3C8229A1313C0064D750 /* WeatherAppUITestsLaunchTests.swift */ = {isa = PBXFileReference; lastKnownFileType = sourcecode.swift; path = WeatherAppUITestsLaunchTests.swift; sourceTree = "<group>"; };
		511C3C9329A135310064D750 /* UIView+Anchor.swift */ = {isa = PBXFileReference; lastKnownFileType = sourcecode.swift; path = "UIView+Anchor.swift"; sourceTree = "<group>"; };
		511C3C9629A13B6D0064D750 /* HomeViewModel.swift */ = {isa = PBXFileReference; lastKnownFileType = sourcecode.swift; path = HomeViewModel.swift; sourceTree = "<group>"; };
		511C3C9829A13B730064D750 /* HomeNavigation.swift */ = {isa = PBXFileReference; lastKnownFileType = sourcecode.swift; path = HomeNavigation.swift; sourceTree = "<group>"; };
		511C3C9D29A13BEE0064D750 /* NetworkingClient.swift */ = {isa = PBXFileReference; lastKnownFileType = sourcecode.swift; path = NetworkingClient.swift; sourceTree = "<group>"; };
		511C3CA529A13EF90064D750 /* AutocompleteEndpoint.swift */ = {isa = PBXFileReference; lastKnownFileType = sourcecode.swift; path = AutocompleteEndpoint.swift; sourceTree = "<group>"; };
		511C3CA729A13FDB0064D750 /* AutocompleteResponse.swift */ = {isa = PBXFileReference; lastKnownFileType = sourcecode.swift; path = AutocompleteResponse.swift; sourceTree = "<group>"; };
		5199499729A277BF005D4012 /* DetailViewController.swift */ = {isa = PBXFileReference; lastKnownFileType = sourcecode.swift; path = DetailViewController.swift; sourceTree = "<group>"; };
		5199499929A2782A005D4012 /* DetailViewModel.swift */ = {isa = PBXFileReference; lastKnownFileType = sourcecode.swift; path = DetailViewModel.swift; sourceTree = "<group>"; };
		5199499B29A27B36005D4012 /* WeatherDataResponse.swift */ = {isa = PBXFileReference; lastKnownFileType = sourcecode.swift; path = WeatherDataResponse.swift; sourceTree = "<group>"; };
		5199499D29A27B77005D4012 /* GeocodingEndpoint.swift */ = {isa = PBXFileReference; lastKnownFileType = sourcecode.swift; path = GeocodingEndpoint.swift; sourceTree = "<group>"; };
		519949A729A27C01005D4012 /* WeatherDataEndpoint.swift */ = {isa = PBXFileReference; lastKnownFileType = sourcecode.swift; path = WeatherDataEndpoint.swift; sourceTree = "<group>"; };
		519949A929A27D6A005D4012 /* GeocodingResponse.swift */ = {isa = PBXFileReference; lastKnownFileType = sourcecode.swift; path = GeocodingResponse.swift; sourceTree = "<group>"; };
		519949AC29A291E6005D4012 /* WeatherType.swift */ = {isa = PBXFileReference; lastKnownFileType = sourcecode.swift; path = WeatherType.swift; sourceTree = "<group>"; };
		519949AE29A29AF7005D4012 /* Temperature.swift */ = {isa = PBXFileReference; lastKnownFileType = sourcecode.swift; path = Temperature.swift; sourceTree = "<group>"; };
		519949B029A29B76005D4012 /* CAGradientLayer+WeatherType.swift */ = {isa = PBXFileReference; lastKnownFileType = sourcecode.swift; path = "CAGradientLayer+WeatherType.swift"; sourceTree = "<group>"; };
		519949B329A29E78005D4012 /* SunScheduleView.swift */ = {isa = PBXFileReference; lastKnownFileType = sourcecode.swift; path = SunScheduleView.swift; sourceTree = "<group>"; };
		519949B529A2A3AB005D4012 /* UIView+Debug.swift */ = {isa = PBXFileReference; lastKnownFileType = sourcecode.swift; path = "UIView+Debug.swift"; sourceTree = "<group>"; };
		519949B729A2A6E0005D4012 /* SunSchedule.swift */ = {isa = PBXFileReference; lastKnownFileType = sourcecode.swift; path = SunSchedule.swift; sourceTree = "<group>"; };
		519949B929A2A84A005D4012 /* UIEdgeInsets+Standard.swift */ = {isa = PBXFileReference; lastKnownFileType = sourcecode.swift; path = "UIEdgeInsets+Standard.swift"; sourceTree = "<group>"; };
		519949BB29A2AB54005D4012 /* UIView+Blur.swift */ = {isa = PBXFileReference; lastKnownFileType = sourcecode.swift; path = "UIView+Blur.swift"; sourceTree = "<group>"; };
/* End PBXFileReference section */

/* Begin PBXFrameworksBuildPhase section */
		511C3C5629A1313A0064D750 /* Frameworks */ = {
			isa = PBXFrameworksBuildPhase;
			buildActionMask = 2147483647;
			files = (
				511C3CA129A13E980064D750 /* Alamofire in Frameworks */,
			);
			runOnlyForDeploymentPostprocessing = 0;
		};
		511C3C6F29A1313C0064D750 /* Frameworks */ = {
			isa = PBXFrameworksBuildPhase;
			buildActionMask = 2147483647;
			files = (
			);
			runOnlyForDeploymentPostprocessing = 0;
		};
		511C3C7929A1313C0064D750 /* Frameworks */ = {
			isa = PBXFrameworksBuildPhase;
			buildActionMask = 2147483647;
			files = (
			);
			runOnlyForDeploymentPostprocessing = 0;
		};
/* End PBXFrameworksBuildPhase section */

/* Begin PBXGroup section */
		511C3C5029A1313A0064D750 = {
			isa = PBXGroup;
			children = (
				511C3C5B29A1313A0064D750 /* WeatherApp */,
				511C3C7529A1313C0064D750 /* WeatherAppTests */,
				511C3C7F29A1313C0064D750 /* WeatherAppUITests */,
				511C3C5A29A1313A0064D750 /* Products */,
			);
			sourceTree = "<group>";
		};
		511C3C5A29A1313A0064D750 /* Products */ = {
			isa = PBXGroup;
			children = (
				511C3C5929A1313A0064D750 /* WeatherApp.app */,
				511C3C7229A1313C0064D750 /* WeatherAppTests.xctest */,
				511C3C7C29A1313C0064D750 /* WeatherAppUITests.xctest */,
			);
			name = Products;
			sourceTree = "<group>";
		};
		511C3C5B29A1313A0064D750 /* WeatherApp */ = {
			isa = PBXGroup;
			children = (
				519949AB29A291D9005D4012 /* Model */,
				511C3C9129A134DB0064D750 /* DetailPage */,
				511C3C9029A134CC0064D750 /* SearchPage */,
				511C3C9529A13B620064D750 /* HomePage */,
				511C3C9229A135280064D750 /* Extensions */,
				511C3CA229A13EBF0064D750 /* Networking */,
				511C3C5C29A1313A0064D750 /* AppDelegate.swift */,
				511C3C6829A1313B0064D750 /* Assets.xcassets */,
				511C3C6D29A1313B0064D750 /* Info.plist */,
				511C3C6A29A1313B0064D750 /* LaunchScreen.storyboard */,
				511C3C6229A1313A0064D750 /* Main.storyboard */,
				511C3C5E29A1313A0064D750 /* SceneDelegate.swift */,
				511C3C6529A1313A0064D750 /* WeatherApp.xcdatamodeld */,
			);
			path = WeatherApp;
			sourceTree = "<group>";
		};
		511C3C7529A1313C0064D750 /* WeatherAppTests */ = {
			isa = PBXGroup;
			children = (
				511C3C7629A1313C0064D750 /* WeatherAppTests.swift */,
			);
			path = WeatherAppTests;
			sourceTree = "<group>";
		};
		511C3C7F29A1313C0064D750 /* WeatherAppUITests */ = {
			isa = PBXGroup;
			children = (
				511C3C8029A1313C0064D750 /* WeatherAppUITests.swift */,
				511C3C8229A1313C0064D750 /* WeatherAppUITestsLaunchTests.swift */,
			);
			path = WeatherAppUITests;
			sourceTree = "<group>";
		};
		511C3C9029A134CC0064D750 /* SearchPage */ = {
			isa = PBXGroup;
			children = (
			);
			path = SearchPage;
			sourceTree = "<group>";
		};
		511C3C9129A134DB0064D750 /* DetailPage */ = {
			isa = PBXGroup;
			children = (
				519949B229A29E71005D4012 /* Views */,
				5199499729A277BF005D4012 /* DetailViewController.swift */,
				5199499929A2782A005D4012 /* DetailViewModel.swift */,
			);
			path = DetailPage;
			sourceTree = "<group>";
		};
		511C3C9229A135280064D750 /* Extensions */ = {
			isa = PBXGroup;
			children = (
				511C3C9329A135310064D750 /* UIView+Anchor.swift */,
				519949BB29A2AB54005D4012 /* UIView+Blur.swift */,
				519949B929A2A84A005D4012 /* UIEdgeInsets+Standard.swift */,
				519949B529A2A3AB005D4012 /* UIView+Debug.swift */,
				519949B029A29B76005D4012 /* CAGradientLayer+WeatherType.swift */,
			);
			path = Extensions;
			sourceTree = "<group>";
		};
		511C3C9529A13B620064D750 /* HomePage */ = {
			isa = PBXGroup;
			children = (
				511C3C6029A1313A0064D750 /* HomeViewController.swift */,
				511C3C9629A13B6D0064D750 /* HomeViewModel.swift */,
				511C3C9829A13B730064D750 /* HomeNavigation.swift */,
			);
			path = HomePage;
			sourceTree = "<group>";
		};
		511C3C9A29A13B930064D750 /* Request */ = {
			isa = PBXGroup;
			children = (
			);
			path = Request;
			sourceTree = "<group>";
		};
		511C3CA229A13EBF0064D750 /* Networking */ = {
			isa = PBXGroup;
			children = (
				511C3CA429A13ED60064D750 /* Response */,
				511C3C9A29A13B930064D750 /* Request */,
				511C3CA329A13EC50064D750 /* Endpoint */,
				511C3C9D29A13BEE0064D750 /* NetworkingClient.swift */,
			);
			path = Networking;
			sourceTree = "<group>";
		};
		511C3CA329A13EC50064D750 /* Endpoint */ = {
			isa = PBXGroup;
			children = (
				519949A629A27BE7005D4012 /* OpenWeather */,
				519949A529A27BE3005D4012 /* AccuWeather */,
			);
			path = Endpoint;
			sourceTree = "<group>";
		};
		511C3CA429A13ED60064D750 /* Response */ = {
			isa = PBXGroup;
			children = (
				519949A429A27BC8005D4012 /* OpenWeather */,
				519949A329A27BC2005D4012 /* AccuWeather */,
			);
			path = Response;
			sourceTree = "<group>";
		};
		519949A329A27BC2005D4012 /* AccuWeather */ = {
			isa = PBXGroup;
			children = (
				511C3CA729A13FDB0064D750 /* AutocompleteResponse.swift */,
			);
			path = AccuWeather;
			sourceTree = "<group>";
		};
		519949A429A27BC8005D4012 /* OpenWeather */ = {
			isa = PBXGroup;
			children = (
				5199499B29A27B36005D4012 /* WeatherDataResponse.swift */,
				519949A929A27D6A005D4012 /* GeocodingResponse.swift */,
			);
			path = OpenWeather;
			sourceTree = "<group>";
		};
		519949A529A27BE3005D4012 /* AccuWeather */ = {
			isa = PBXGroup;
			children = (
				511C3CA529A13EF90064D750 /* AutocompleteEndpoint.swift */,
			);
			path = AccuWeather;
			sourceTree = "<group>";
		};
		519949A629A27BE7005D4012 /* OpenWeather */ = {
			isa = PBXGroup;
			children = (
				5199499D29A27B77005D4012 /* GeocodingEndpoint.swift */,
				519949A729A27C01005D4012 /* WeatherDataEndpoint.swift */,
			);
			path = OpenWeather;
			sourceTree = "<group>";
		};
		519949AB29A291D9005D4012 /* Model */ = {
			isa = PBXGroup;
			children = (
				519949AC29A291E6005D4012 /* WeatherType.swift */,
				519949B729A2A6E0005D4012 /* SunSchedule.swift */,
				519949AE29A29AF7005D4012 /* Temperature.swift */,
			);
			path = Model;
			sourceTree = "<group>";
		};
		519949B229A29E71005D4012 /* Views */ = {
			isa = PBXGroup;
			children = (
				519949B329A29E78005D4012 /* SunScheduleView.swift */,
			);
			path = Views;
			sourceTree = "<group>";
		};
/* End PBXGroup section */

/* Begin PBXNativeTarget section */
		511C3C5829A1313A0064D750 /* WeatherApp */ = {
			isa = PBXNativeTarget;
			buildConfigurationList = 511C3C8629A1313C0064D750 /* Build configuration list for PBXNativeTarget "WeatherApp" */;
			buildPhases = (
				511C3C5529A1313A0064D750 /* Sources */,
				511C3C5629A1313A0064D750 /* Frameworks */,
				511C3C5729A1313A0064D750 /* Resources */,
				511C3C8F29A132AE0064D750 /* Swiftlint */,
			);
			buildRules = (
			);
			dependencies = (
			);
			name = WeatherApp;
			packageProductDependencies = (
				511C3CA029A13E980064D750 /* Alamofire */,
			);
			productName = WeatherApp;
			productReference = 511C3C5929A1313A0064D750 /* WeatherApp.app */;
			productType = "com.apple.product-type.application";
		};
		511C3C7129A1313C0064D750 /* WeatherAppTests */ = {
			isa = PBXNativeTarget;
			buildConfigurationList = 511C3C8929A1313C0064D750 /* Build configuration list for PBXNativeTarget "WeatherAppTests" */;
			buildPhases = (
				511C3C6E29A1313C0064D750 /* Sources */,
				511C3C6F29A1313C0064D750 /* Frameworks */,
				511C3C7029A1313C0064D750 /* Resources */,
			);
			buildRules = (
			);
			dependencies = (
				511C3C7429A1313C0064D750 /* PBXTargetDependency */,
			);
			name = WeatherAppTests;
			productName = WeatherAppTests;
			productReference = 511C3C7229A1313C0064D750 /* WeatherAppTests.xctest */;
			productType = "com.apple.product-type.bundle.unit-test";
		};
		511C3C7B29A1313C0064D750 /* WeatherAppUITests */ = {
			isa = PBXNativeTarget;
			buildConfigurationList = 511C3C8C29A1313C0064D750 /* Build configuration list for PBXNativeTarget "WeatherAppUITests" */;
			buildPhases = (
				511C3C7829A1313C0064D750 /* Sources */,
				511C3C7929A1313C0064D750 /* Frameworks */,
				511C3C7A29A1313C0064D750 /* Resources */,
			);
			buildRules = (
			);
			dependencies = (
				511C3C7E29A1313C0064D750 /* PBXTargetDependency */,
			);
			name = WeatherAppUITests;
			productName = WeatherAppUITests;
			productReference = 511C3C7C29A1313C0064D750 /* WeatherAppUITests.xctest */;
			productType = "com.apple.product-type.bundle.ui-testing";
		};
/* End PBXNativeTarget section */

/* Begin PBXProject section */
		511C3C5129A1313A0064D750 /* Project object */ = {
			isa = PBXProject;
			attributes = {
				BuildIndependentTargetsInParallel = 1;
				LastSwiftUpdateCheck = 1420;
				LastUpgradeCheck = 1420;
				TargetAttributes = {
					511C3C5829A1313A0064D750 = {
						CreatedOnToolsVersion = 14.2;
					};
					511C3C7129A1313C0064D750 = {
						CreatedOnToolsVersion = 14.2;
						TestTargetID = 511C3C5829A1313A0064D750;
					};
					511C3C7B29A1313C0064D750 = {
						CreatedOnToolsVersion = 14.2;
						TestTargetID = 511C3C5829A1313A0064D750;
					};
				};
			};
			buildConfigurationList = 511C3C5429A1313A0064D750 /* Build configuration list for PBXProject "WeatherApp" */;
			compatibilityVersion = "Xcode 14.0";
			developmentRegion = en;
			hasScannedForEncodings = 0;
			knownRegions = (
				en,
				Base,
			);
			mainGroup = 511C3C5029A1313A0064D750;
			packageReferences = (
				511C3C9F29A13E980064D750 /* XCRemoteSwiftPackageReference "Alamofire" */,
			);
			productRefGroup = 511C3C5A29A1313A0064D750 /* Products */;
			projectDirPath = "";
			projectRoot = "";
			targets = (
				511C3C5829A1313A0064D750 /* WeatherApp */,
				511C3C7129A1313C0064D750 /* WeatherAppTests */,
				511C3C7B29A1313C0064D750 /* WeatherAppUITests */,
			);
		};
/* End PBXProject section */

/* Begin PBXResourcesBuildPhase section */
		511C3C5729A1313A0064D750 /* Resources */ = {
			isa = PBXResourcesBuildPhase;
			buildActionMask = 2147483647;
			files = (
				511C3C6C29A1313B0064D750 /* LaunchScreen.storyboard in Resources */,
				511C3C6929A1313B0064D750 /* Assets.xcassets in Resources */,
				511C3C6429A1313A0064D750 /* Main.storyboard in Resources */,
			);
			runOnlyForDeploymentPostprocessing = 0;
		};
		511C3C7029A1313C0064D750 /* Resources */ = {
			isa = PBXResourcesBuildPhase;
			buildActionMask = 2147483647;
			files = (
			);
			runOnlyForDeploymentPostprocessing = 0;
		};
		511C3C7A29A1313C0064D750 /* Resources */ = {
			isa = PBXResourcesBuildPhase;
			buildActionMask = 2147483647;
			files = (
			);
			runOnlyForDeploymentPostprocessing = 0;
		};
/* End PBXResourcesBuildPhase section */

/* Begin PBXShellScriptBuildPhase section */
		511C3C8F29A132AE0064D750 /* Swiftlint */ = {
			isa = PBXShellScriptBuildPhase;
			alwaysOutOfDate = 1;
			buildActionMask = 2147483647;
			files = (
			);
			inputFileListPaths = (
			);
			inputPaths = (
			);
			name = Swiftlint;
			outputFileListPaths = (
			);
			outputPaths = (
			);
			runOnlyForDeploymentPostprocessing = 0;
			shellPath = /bin/sh;
			shellScript = "export PATH=\"$PATH:/opt/homebrew/bin\"\nif which swiftlint > /dev/null; then\n  swiftlint\nelse\n  echo \"warning: SwiftLint not installed, download from https://github.com/realm/SwiftLint\"\nfi\n";
		};
/* End PBXShellScriptBuildPhase section */

/* Begin PBXSourcesBuildPhase section */
		511C3C5529A1313A0064D750 /* Sources */ = {
			isa = PBXSourcesBuildPhase;
			buildActionMask = 2147483647;
			files = (
				519949AA29A27D6A005D4012 /* GeocodingResponse.swift in Sources */,
				519949A829A27C01005D4012 /* WeatherDataEndpoint.swift in Sources */,
				519949AF29A29AF7005D4012 /* Temperature.swift in Sources */,
				5199499E29A27B77005D4012 /* GeocodingEndpoint.swift in Sources */,
				511C3C6729A1313A0064D750 /* WeatherApp.xcdatamodeld in Sources */,
				5199499C29A27B36005D4012 /* WeatherDataResponse.swift in Sources */,
				511C3C9929A13B730064D750 /* HomeNavigation.swift in Sources */,
				519949B829A2A6E0005D4012 /* SunSchedule.swift in Sources */,
				519949B129A29B76005D4012 /* CAGradientLayer+WeatherType.swift in Sources */,
				511C3C9729A13B6D0064D750 /* HomeViewModel.swift in Sources */,
				519949BA29A2A84A005D4012 /* UIEdgeInsets+Standard.swift in Sources */,
				5199499829A277BF005D4012 /* DetailViewController.swift in Sources */,
				511C3C9E29A13BEE0064D750 /* NetworkingClient.swift in Sources */,
				511C3CA629A13EF90064D750 /* AutocompleteEndpoint.swift in Sources */,
				511C3C6129A1313A0064D750 /* HomeViewController.swift in Sources */,
				519949B629A2A3AB005D4012 /* UIView+Debug.swift in Sources */,
				511C3CA829A13FDB0064D750 /* AutocompleteResponse.swift in Sources */,
				519949B429A29E78005D4012 /* SunScheduleView.swift in Sources */,
				5199499A29A2782A005D4012 /* DetailViewModel.swift in Sources */,
				511C3C5D29A1313A0064D750 /* AppDelegate.swift in Sources */,
				511C3C5F29A1313A0064D750 /* SceneDelegate.swift in Sources */,
				519949BC29A2AB54005D4012 /* UIView+Blur.swift in Sources */,
				519949AD29A291E6005D4012 /* WeatherType.swift in Sources */,
				511C3C9429A135310064D750 /* UIView+Anchor.swift in Sources */,
			);
			runOnlyForDeploymentPostprocessing = 0;
		};
		511C3C6E29A1313C0064D750 /* Sources */ = {
			isa = PBXSourcesBuildPhase;
			buildActionMask = 2147483647;
			files = (
				511C3C7729A1313C0064D750 /* WeatherAppTests.swift in Sources */,
			);
			runOnlyForDeploymentPostprocessing = 0;
		};
		511C3C7829A1313C0064D750 /* Sources */ = {
			isa = PBXSourcesBuildPhase;
			buildActionMask = 2147483647;
			files = (
				511C3C8129A1313C0064D750 /* WeatherAppUITests.swift in Sources */,
				511C3C8329A1313C0064D750 /* WeatherAppUITestsLaunchTests.swift in Sources */,
			);
			runOnlyForDeploymentPostprocessing = 0;
		};
/* End PBXSourcesBuildPhase section */

/* Begin PBXTargetDependency section */
		511C3C7429A1313C0064D750 /* PBXTargetDependency */ = {
			isa = PBXTargetDependency;
			target = 511C3C5829A1313A0064D750 /* WeatherApp */;
			targetProxy = 511C3C7329A1313C0064D750 /* PBXContainerItemProxy */;
		};
		511C3C7E29A1313C0064D750 /* PBXTargetDependency */ = {
			isa = PBXTargetDependency;
			target = 511C3C5829A1313A0064D750 /* WeatherApp */;
			targetProxy = 511C3C7D29A1313C0064D750 /* PBXContainerItemProxy */;
		};
/* End PBXTargetDependency section */

/* Begin PBXVariantGroup section */
		511C3C6229A1313A0064D750 /* Main.storyboard */ = {
			isa = PBXVariantGroup;
			children = (
				511C3C6329A1313A0064D750 /* Base */,
			);
			name = Main.storyboard;
			sourceTree = "<group>";
		};
		511C3C6A29A1313B0064D750 /* LaunchScreen.storyboard */ = {
			isa = PBXVariantGroup;
			children = (
				511C3C6B29A1313B0064D750 /* Base */,
			);
			name = LaunchScreen.storyboard;
			sourceTree = "<group>";
		};
/* End PBXVariantGroup section */

/* Begin XCBuildConfiguration section */
		511C3C8429A1313C0064D750 /* Debug */ = {
			isa = XCBuildConfiguration;
			buildSettings = {
				ALWAYS_SEARCH_USER_PATHS = NO;
				CLANG_ANALYZER_NONNULL = YES;
				CLANG_ANALYZER_NUMBER_OBJECT_CONVERSION = YES_AGGRESSIVE;
				CLANG_CXX_LANGUAGE_STANDARD = "gnu++20";
				CLANG_ENABLE_MODULES = YES;
				CLANG_ENABLE_OBJC_ARC = YES;
				CLANG_ENABLE_OBJC_WEAK = YES;
				CLANG_WARN_BLOCK_CAPTURE_AUTORELEASING = YES;
				CLANG_WARN_BOOL_CONVERSION = YES;
				CLANG_WARN_COMMA = YES;
				CLANG_WARN_CONSTANT_CONVERSION = YES;
				CLANG_WARN_DEPRECATED_OBJC_IMPLEMENTATIONS = YES;
				CLANG_WARN_DIRECT_OBJC_ISA_USAGE = YES_ERROR;
				CLANG_WARN_DOCUMENTATION_COMMENTS = YES;
				CLANG_WARN_EMPTY_BODY = YES;
				CLANG_WARN_ENUM_CONVERSION = YES;
				CLANG_WARN_INFINITE_RECURSION = YES;
				CLANG_WARN_INT_CONVERSION = YES;
				CLANG_WARN_NON_LITERAL_NULL_CONVERSION = YES;
				CLANG_WARN_OBJC_IMPLICIT_RETAIN_SELF = YES;
				CLANG_WARN_OBJC_LITERAL_CONVERSION = YES;
				CLANG_WARN_OBJC_ROOT_CLASS = YES_ERROR;
				CLANG_WARN_QUOTED_INCLUDE_IN_FRAMEWORK_HEADER = YES;
				CLANG_WARN_RANGE_LOOP_ANALYSIS = YES;
				CLANG_WARN_STRICT_PROTOTYPES = YES;
				CLANG_WARN_SUSPICIOUS_MOVE = YES;
				CLANG_WARN_UNGUARDED_AVAILABILITY = YES_AGGRESSIVE;
				CLANG_WARN_UNREACHABLE_CODE = YES;
				CLANG_WARN__DUPLICATE_METHOD_MATCH = YES;
				COPY_PHASE_STRIP = NO;
				DEBUG_INFORMATION_FORMAT = dwarf;
				ENABLE_STRICT_OBJC_MSGSEND = YES;
				ENABLE_TESTABILITY = YES;
				GCC_C_LANGUAGE_STANDARD = gnu11;
				GCC_DYNAMIC_NO_PIC = NO;
				GCC_NO_COMMON_BLOCKS = YES;
				GCC_OPTIMIZATION_LEVEL = 0;
				GCC_PREPROCESSOR_DEFINITIONS = (
					"DEBUG=1",
					"$(inherited)",
				);
				GCC_WARN_64_TO_32_BIT_CONVERSION = YES;
				GCC_WARN_ABOUT_RETURN_TYPE = YES_ERROR;
				GCC_WARN_UNDECLARED_SELECTOR = YES;
				GCC_WARN_UNINITIALIZED_AUTOS = YES_AGGRESSIVE;
				GCC_WARN_UNUSED_FUNCTION = YES;
				GCC_WARN_UNUSED_VARIABLE = YES;
				IPHONEOS_DEPLOYMENT_TARGET = 16.2;
				MTL_ENABLE_DEBUG_INFO = INCLUDE_SOURCE;
				MTL_FAST_MATH = YES;
				ONLY_ACTIVE_ARCH = YES;
				SDKROOT = iphoneos;
				SWIFT_ACTIVE_COMPILATION_CONDITIONS = DEBUG;
				SWIFT_OPTIMIZATION_LEVEL = "-Onone";
			};
			name = Debug;
		};
		511C3C8529A1313C0064D750 /* Release */ = {
			isa = XCBuildConfiguration;
			buildSettings = {
				ALWAYS_SEARCH_USER_PATHS = NO;
				CLANG_ANALYZER_NONNULL = YES;
				CLANG_ANALYZER_NUMBER_OBJECT_CONVERSION = YES_AGGRESSIVE;
				CLANG_CXX_LANGUAGE_STANDARD = "gnu++20";
				CLANG_ENABLE_MODULES = YES;
				CLANG_ENABLE_OBJC_ARC = YES;
				CLANG_ENABLE_OBJC_WEAK = YES;
				CLANG_WARN_BLOCK_CAPTURE_AUTORELEASING = YES;
				CLANG_WARN_BOOL_CONVERSION = YES;
				CLANG_WARN_COMMA = YES;
				CLANG_WARN_CONSTANT_CONVERSION = YES;
				CLANG_WARN_DEPRECATED_OBJC_IMPLEMENTATIONS = YES;
				CLANG_WARN_DIRECT_OBJC_ISA_USAGE = YES_ERROR;
				CLANG_WARN_DOCUMENTATION_COMMENTS = YES;
				CLANG_WARN_EMPTY_BODY = YES;
				CLANG_WARN_ENUM_CONVERSION = YES;
				CLANG_WARN_INFINITE_RECURSION = YES;
				CLANG_WARN_INT_CONVERSION = YES;
				CLANG_WARN_NON_LITERAL_NULL_CONVERSION = YES;
				CLANG_WARN_OBJC_IMPLICIT_RETAIN_SELF = YES;
				CLANG_WARN_OBJC_LITERAL_CONVERSION = YES;
				CLANG_WARN_OBJC_ROOT_CLASS = YES_ERROR;
				CLANG_WARN_QUOTED_INCLUDE_IN_FRAMEWORK_HEADER = YES;
				CLANG_WARN_RANGE_LOOP_ANALYSIS = YES;
				CLANG_WARN_STRICT_PROTOTYPES = YES;
				CLANG_WARN_SUSPICIOUS_MOVE = YES;
				CLANG_WARN_UNGUARDED_AVAILABILITY = YES_AGGRESSIVE;
				CLANG_WARN_UNREACHABLE_CODE = YES;
				CLANG_WARN__DUPLICATE_METHOD_MATCH = YES;
				COPY_PHASE_STRIP = NO;
				DEBUG_INFORMATION_FORMAT = "dwarf-with-dsym";
				ENABLE_NS_ASSERTIONS = NO;
				ENABLE_STRICT_OBJC_MSGSEND = YES;
				GCC_C_LANGUAGE_STANDARD = gnu11;
				GCC_NO_COMMON_BLOCKS = YES;
				GCC_WARN_64_TO_32_BIT_CONVERSION = YES;
				GCC_WARN_ABOUT_RETURN_TYPE = YES_ERROR;
				GCC_WARN_UNDECLARED_SELECTOR = YES;
				GCC_WARN_UNINITIALIZED_AUTOS = YES_AGGRESSIVE;
				GCC_WARN_UNUSED_FUNCTION = YES;
				GCC_WARN_UNUSED_VARIABLE = YES;
				IPHONEOS_DEPLOYMENT_TARGET = 16.2;
				MTL_ENABLE_DEBUG_INFO = NO;
				MTL_FAST_MATH = YES;
				SDKROOT = iphoneos;
				SWIFT_COMPILATION_MODE = wholemodule;
				SWIFT_OPTIMIZATION_LEVEL = "-O";
				VALIDATE_PRODUCT = YES;
			};
			name = Release;
		};
		511C3C8729A1313C0064D750 /* Debug */ = {
			isa = XCBuildConfiguration;
			buildSettings = {
				ASSETCATALOG_COMPILER_APPICON_NAME = AppIcon;
				ASSETCATALOG_COMPILER_GLOBAL_ACCENT_COLOR_NAME = AccentColor;
				CODE_SIGN_STYLE = Automatic;
				CURRENT_PROJECT_VERSION = 1;
				DEVELOPMENT_TEAM = 76EAMVE767;
				GENERATE_INFOPLIST_FILE = YES;
				INFOPLIST_FILE = WeatherApp/Info.plist;
				INFOPLIST_KEY_LSApplicationCategoryType = "public.app-category.weather";
				INFOPLIST_KEY_UIApplicationSupportsIndirectInputEvents = YES;
				INFOPLIST_KEY_UILaunchStoryboardName = LaunchScreen;
				INFOPLIST_KEY_UIMainStoryboardFile = Main;
				INFOPLIST_KEY_UISupportedInterfaceOrientations = UIInterfaceOrientationPortrait;
				INFOPLIST_KEY_UISupportedInterfaceOrientations_iPad = "UIInterfaceOrientationLandscapeLeft UIInterfaceOrientationLandscapeRight UIInterfaceOrientationPortrait UIInterfaceOrientationPortraitUpsideDown";
				IPHONEOS_DEPLOYMENT_TARGET = 11.0;
				LD_RUNPATH_SEARCH_PATHS = (
					"$(inherited)",
					"@executable_path/Frameworks",
				);
				MARKETING_VERSION = 1.0;
				PRODUCT_BUNDLE_IDENTIFIER = com.dch09.WeatherApp;
				PRODUCT_NAME = "$(TARGET_NAME)";
				SWIFT_EMIT_LOC_STRINGS = YES;
				SWIFT_VERSION = 5.0;
				TARGETED_DEVICE_FAMILY = "1,2";
			};
			name = Debug;
		};
		511C3C8829A1313C0064D750 /* Release */ = {
			isa = XCBuildConfiguration;
			buildSettings = {
				ASSETCATALOG_COMPILER_APPICON_NAME = AppIcon;
				ASSETCATALOG_COMPILER_GLOBAL_ACCENT_COLOR_NAME = AccentColor;
				CODE_SIGN_STYLE = Automatic;
				CURRENT_PROJECT_VERSION = 1;
				DEVELOPMENT_TEAM = 76EAMVE767;
				GENERATE_INFOPLIST_FILE = YES;
				INFOPLIST_FILE = WeatherApp/Info.plist;
				INFOPLIST_KEY_LSApplicationCategoryType = "public.app-category.weather";
				INFOPLIST_KEY_UIApplicationSupportsIndirectInputEvents = YES;
				INFOPLIST_KEY_UILaunchStoryboardName = LaunchScreen;
				INFOPLIST_KEY_UIMainStoryboardFile = Main;
				INFOPLIST_KEY_UISupportedInterfaceOrientations = UIInterfaceOrientationPortrait;
				INFOPLIST_KEY_UISupportedInterfaceOrientations_iPad = "UIInterfaceOrientationLandscapeLeft UIInterfaceOrientationLandscapeRight UIInterfaceOrientationPortrait UIInterfaceOrientationPortraitUpsideDown";
				IPHONEOS_DEPLOYMENT_TARGET = 11.0;
				LD_RUNPATH_SEARCH_PATHS = (
					"$(inherited)",
					"@executable_path/Frameworks",
				);
				MARKETING_VERSION = 1.0;
				PRODUCT_BUNDLE_IDENTIFIER = com.dch09.WeatherApp;
				PRODUCT_NAME = "$(TARGET_NAME)";
				SWIFT_EMIT_LOC_STRINGS = YES;
				SWIFT_VERSION = 5.0;
				TARGETED_DEVICE_FAMILY = "1,2";
			};
			name = Release;
		};
		511C3C8A29A1313C0064D750 /* Debug */ = {
			isa = XCBuildConfiguration;
			buildSettings = {
				ALWAYS_EMBED_SWIFT_STANDARD_LIBRARIES = YES;
				BUNDLE_LOADER = "$(TEST_HOST)";
				CODE_SIGN_STYLE = Automatic;
				CURRENT_PROJECT_VERSION = 1;
				DEVELOPMENT_TEAM = 76EAMVE767;
				GENERATE_INFOPLIST_FILE = YES;
				IPHONEOS_DEPLOYMENT_TARGET = 16.2;
				MARKETING_VERSION = 1.0;
				PRODUCT_BUNDLE_IDENTIFIER = com.dch09.WeatherAppTests;
				PRODUCT_NAME = "$(TARGET_NAME)";
				SWIFT_EMIT_LOC_STRINGS = NO;
				SWIFT_VERSION = 5.0;
				TARGETED_DEVICE_FAMILY = "1,2";
				TEST_HOST = "$(BUILT_PRODUCTS_DIR)/WeatherApp.app/$(BUNDLE_EXECUTABLE_FOLDER_PATH)/WeatherApp";
			};
			name = Debug;
		};
		511C3C8B29A1313C0064D750 /* Release */ = {
			isa = XCBuildConfiguration;
			buildSettings = {
				ALWAYS_EMBED_SWIFT_STANDARD_LIBRARIES = YES;
				BUNDLE_LOADER = "$(TEST_HOST)";
				CODE_SIGN_STYLE = Automatic;
				CURRENT_PROJECT_VERSION = 1;
				DEVELOPMENT_TEAM = 76EAMVE767;
				GENERATE_INFOPLIST_FILE = YES;
				IPHONEOS_DEPLOYMENT_TARGET = 16.2;
				MARKETING_VERSION = 1.0;
				PRODUCT_BUNDLE_IDENTIFIER = com.dch09.WeatherAppTests;
				PRODUCT_NAME = "$(TARGET_NAME)";
				SWIFT_EMIT_LOC_STRINGS = NO;
				SWIFT_VERSION = 5.0;
				TARGETED_DEVICE_FAMILY = "1,2";
				TEST_HOST = "$(BUILT_PRODUCTS_DIR)/WeatherApp.app/$(BUNDLE_EXECUTABLE_FOLDER_PATH)/WeatherApp";
			};
			name = Release;
		};
		511C3C8D29A1313C0064D750 /* Debug */ = {
			isa = XCBuildConfiguration;
			buildSettings = {
				ALWAYS_EMBED_SWIFT_STANDARD_LIBRARIES = YES;
				CODE_SIGN_STYLE = Automatic;
				CURRENT_PROJECT_VERSION = 1;
				DEVELOPMENT_TEAM = 76EAMVE767;
				GENERATE_INFOPLIST_FILE = YES;
				MARKETING_VERSION = 1.0;
				PRODUCT_BUNDLE_IDENTIFIER = com.dch09.WeatherAppUITests;
				PRODUCT_NAME = "$(TARGET_NAME)";
				SWIFT_EMIT_LOC_STRINGS = NO;
				SWIFT_VERSION = 5.0;
				TARGETED_DEVICE_FAMILY = "1,2";
				TEST_TARGET_NAME = WeatherApp;
			};
			name = Debug;
		};
		511C3C8E29A1313C0064D750 /* Release */ = {
			isa = XCBuildConfiguration;
			buildSettings = {
				ALWAYS_EMBED_SWIFT_STANDARD_LIBRARIES = YES;
				CODE_SIGN_STYLE = Automatic;
				CURRENT_PROJECT_VERSION = 1;
				DEVELOPMENT_TEAM = 76EAMVE767;
				GENERATE_INFOPLIST_FILE = YES;
				MARKETING_VERSION = 1.0;
				PRODUCT_BUNDLE_IDENTIFIER = com.dch09.WeatherAppUITests;
				PRODUCT_NAME = "$(TARGET_NAME)";
				SWIFT_EMIT_LOC_STRINGS = NO;
				SWIFT_VERSION = 5.0;
				TARGETED_DEVICE_FAMILY = "1,2";
				TEST_TARGET_NAME = WeatherApp;
			};
			name = Release;
		};
/* End XCBuildConfiguration section */

/* Begin XCConfigurationList section */
		511C3C5429A1313A0064D750 /* Build configuration list for PBXProject "WeatherApp" */ = {
			isa = XCConfigurationList;
			buildConfigurations = (
				511C3C8429A1313C0064D750 /* Debug */,
				511C3C8529A1313C0064D750 /* Release */,
			);
			defaultConfigurationIsVisible = 0;
			defaultConfigurationName = Release;
		};
		511C3C8629A1313C0064D750 /* Build configuration list for PBXNativeTarget "WeatherApp" */ = {
			isa = XCConfigurationList;
			buildConfigurations = (
				511C3C8729A1313C0064D750 /* Debug */,
				511C3C8829A1313C0064D750 /* Release */,
			);
			defaultConfigurationIsVisible = 0;
			defaultConfigurationName = Release;
		};
		511C3C8929A1313C0064D750 /* Build configuration list for PBXNativeTarget "WeatherAppTests" */ = {
			isa = XCConfigurationList;
			buildConfigurations = (
				511C3C8A29A1313C0064D750 /* Debug */,
				511C3C8B29A1313C0064D750 /* Release */,
			);
			defaultConfigurationIsVisible = 0;
			defaultConfigurationName = Release;
		};
		511C3C8C29A1313C0064D750 /* Build configuration list for PBXNativeTarget "WeatherAppUITests" */ = {
			isa = XCConfigurationList;
			buildConfigurations = (
				511C3C8D29A1313C0064D750 /* Debug */,
				511C3C8E29A1313C0064D750 /* Release */,
			);
			defaultConfigurationIsVisible = 0;
			defaultConfigurationName = Release;
		};
/* End XCConfigurationList section */

/* Begin XCRemoteSwiftPackageReference section */
		511C3C9F29A13E980064D750 /* XCRemoteSwiftPackageReference "Alamofire" */ = {
			isa = XCRemoteSwiftPackageReference;
			repositoryURL = "https://github.com/Alamofire/Alamofire.git";
			requirement = {
				kind = upToNextMajorVersion;
				minimumVersion = 5.0.0;
			};
		};
/* End XCRemoteSwiftPackageReference section */

/* Begin XCSwiftPackageProductDependency section */
		511C3CA029A13E980064D750 /* Alamofire */ = {
			isa = XCSwiftPackageProductDependency;
			package = 511C3C9F29A13E980064D750 /* XCRemoteSwiftPackageReference "Alamofire" */;
			productName = Alamofire;
		};
/* End XCSwiftPackageProductDependency section */

/* Begin XCVersionGroup section */
		511C3C6529A1313A0064D750 /* WeatherApp.xcdatamodeld */ = {
			isa = XCVersionGroup;
			children = (
				511C3C6629A1313A0064D750 /* WeatherApp.xcdatamodel */,
			);
			currentVersion = 511C3C6629A1313A0064D750 /* WeatherApp.xcdatamodel */;
			path = WeatherApp.xcdatamodeld;
			sourceTree = "<group>";
			versionGroupType = wrapper.xcdatamodel;
		};
/* End XCVersionGroup section */
	};
	rootObject = 511C3C5129A1313A0064D750 /* Project object */;
}
